// !$*UTF8*$!
{
	archiveVersion = 1;
	classes = {
	};
	objectVersion = 46;
	objects = {

/* Begin PBXBuildFile section */
		2C61A39E1BD726E10087B295 /* RequestMethod.swift in Sources */ = {isa = PBXBuildFile; fileRef = F867938B1BD29E37007D9E98 /* RequestMethod.swift */; };
		2C6DC9771BD5AA04006B4C96 /* Result.framework in Frameworks */ = {isa = PBXBuildFile; fileRef = F80695171B9633C400C61B4A /* Result.framework */; };
		2C6DC9781BD5AA0E006B4C96 /* Nimble.framework in Frameworks */ = {isa = PBXBuildFile; fileRef = F8DF3B891B964B83003177CD /* Nimble.framework */; };
		2C6DC9791BD5AA0E006B4C96 /* Quick.framework in Frameworks */ = {isa = PBXBuildFile; fileRef = F8DF3B8A1B964B83003177CD /* Quick.framework */; };
		2C6DC97A1BD5AA3B006B4C96 /* NimbleMatchers.swift in Sources */ = {isa = PBXBuildFile; fileRef = E506EC7D1BB5BE380032E941 /* NimbleMatchers.swift */; };
		2C6DC97B1BD5AA3B006B4C96 /* FakeSession.swift in Sources */ = {isa = PBXBuildFile; fileRef = F8DF3B811B964B20003177CD /* FakeSession.swift */; };
		2C6DC97C1BD5AA3B006B4C96 /* FakeRequest.swift in Sources */ = {isa = PBXBuildFile; fileRef = F88ED0781B96847E0069F56C /* FakeRequest.swift */; };
		2C6DC97D1BD5AA3B006B4C96 /* FakeRequestPerformer.swift in Sources */ = {isa = PBXBuildFile; fileRef = F88ED07A1B9684B40069F56C /* FakeRequestPerformer.swift */; };
		2C6DC97E1BD5AA3B006B4C96 /* FakeDataTask.swift in Sources */ = {isa = PBXBuildFile; fileRef = F8C39B501B969A71005E065F /* FakeDataTask.swift */; };
		2C6DC97F1BD5AA3B006B4C96 /* NetworkRequestPerformerSpec.swift in Sources */ = {isa = PBXBuildFile; fileRef = F8DF3B851B964B20003177CD /* NetworkRequestPerformerSpec.swift */; };
		2C6DC9801BD5AA3B006B4C96 /* RequestSpec.swift in Sources */ = {isa = PBXBuildFile; fileRef = F8A00DE61BB5C86200169A46 /* RequestSpec.swift */; };
		2C6DC9811BD5AA3B006B4C96 /* APIClientSpec.swift in Sources */ = {isa = PBXBuildFile; fileRef = F88ED06E1B967BCB0069F56C /* APIClientSpec.swift */; };
		2C721E4A1BD5A77700846414 /* Swish.framework in Frameworks */ = {isa = PBXBuildFile; fileRef = 2C721E401BD5A77700846414 /* Swish.framework */; };
		2C721E581BD5A7C500846414 /* HTTPResponse.swift in Sources */ = {isa = PBXBuildFile; fileRef = F8DF3B8D1B964BED003177CD /* HTTPResponse.swift */; };
		2C721E591BD5A7C500846414 /* Client.swift in Sources */ = {isa = PBXBuildFile; fileRef = E5D7E0A01BBF2021002A3738 /* Client.swift */; };
		2C721E5A1BD5A7D400846414 /* RequestPerformer.swift in Sources */ = {isa = PBXBuildFile; fileRef = F806950F1B962C5300C61B4A /* RequestPerformer.swift */; };
		2C721E5B1BD5A7D400846414 /* Request.swift in Sources */ = {isa = PBXBuildFile; fileRef = F88ED0681B966E650069F56C /* Request.swift */; };
		2C721E5C1BD5A7E800846414 /* NetworkRequestPerformer.swift in Sources */ = {isa = PBXBuildFile; fileRef = F806950D1B962C5300C61B4A /* NetworkRequestPerformer.swift */; };
		2C721E5D1BD5A7E800846414 /* APIClient.swift in Sources */ = {isa = PBXBuildFile; fileRef = F88ED06C1B96736B0069F56C /* APIClient.swift */; };
		2C721E5E1BD5A83B00846414 /* Swish.h in Headers */ = {isa = PBXBuildFile; fileRef = F80695121B962C5300C61B4A /* Swish.h */; settings = {ATTRIBUTES = (Public, ); }; };
		4A05CC281CEFBA460076955E /* Scheduler.swift in Sources */ = {isa = PBXBuildFile; fileRef = 4A05CC271CEFBA460076955E /* Scheduler.swift */; };
		4A05CC291CEFBA4B0076955E /* Scheduler.swift in Sources */ = {isa = PBXBuildFile; fileRef = 4A05CC271CEFBA460076955E /* Scheduler.swift */; };
		4A05CC2A1CEFBA4C0076955E /* Scheduler.swift in Sources */ = {isa = PBXBuildFile; fileRef = 4A05CC271CEFBA460076955E /* Scheduler.swift */; };
		4A05CC2B1CEFBA4C0076955E /* Scheduler.swift in Sources */ = {isa = PBXBuildFile; fileRef = 4A05CC271CEFBA460076955E /* Scheduler.swift */; };
		4A698B9E1E131ACE006951B2 /* Deprecations+Removals.swift in Sources */ = {isa = PBXBuildFile; fileRef = 4A698B9D1E131ACE006951B2 /* Deprecations+Removals.swift */; };
		4A698B9F1E131AD2006951B2 /* Deprecations+Removals.swift in Sources */ = {isa = PBXBuildFile; fileRef = 4A698B9D1E131ACE006951B2 /* Deprecations+Removals.swift */; };
		4A698BA01E131AD3006951B2 /* Deprecations+Removals.swift in Sources */ = {isa = PBXBuildFile; fileRef = 4A698B9D1E131ACE006951B2 /* Deprecations+Removals.swift */; };
		4A698BA11E131AD3006951B2 /* Deprecations+Removals.swift in Sources */ = {isa = PBXBuildFile; fileRef = 4A698B9D1E131ACE006951B2 /* Deprecations+Removals.swift */; };
		E506EC7E1BB5BE380032E941 /* NimbleMatchers.swift in Sources */ = {isa = PBXBuildFile; fileRef = E506EC7D1BB5BE380032E941 /* NimbleMatchers.swift */; };
		E52E5D991CE7AE3400023C91 /* Swish.framework in Frameworks */ = {isa = PBXBuildFile; fileRef = E52E5D8F1CE7AE3400023C91 /* Swish.framework */; };
		E52E5DA71CE7AF2500023C91 /* NSURLRequest.swift in Sources */ = {isa = PBXBuildFile; fileRef = E5915B201BDABC4B005E5D63 /* NSURLRequest.swift */; };
		E52E5DAA1CE7AF2500023C91 /* SwishError.swift in Sources */ = {isa = PBXBuildFile; fileRef = F8F59BB51C2B34B60020B5BE /* SwishError.swift */; };
		E52E5DAB1CE7AF2500023C91 /* RequestMethod.swift in Sources */ = {isa = PBXBuildFile; fileRef = F867938B1BD29E37007D9E98 /* RequestMethod.swift */; };
		E52E5DAC1CE7AF2500023C91 /* NetworkRequestPerformer.swift in Sources */ = {isa = PBXBuildFile; fileRef = F806950D1B962C5300C61B4A /* NetworkRequestPerformer.swift */; };
		E52E5DAD1CE7AF2500023C91 /* HTTPResponse.swift in Sources */ = {isa = PBXBuildFile; fileRef = F8DF3B8D1B964BED003177CD /* HTTPResponse.swift */; };
		E52E5DAE1CE7AF2500023C91 /* APIClient.swift in Sources */ = {isa = PBXBuildFile; fileRef = F88ED06C1B96736B0069F56C /* APIClient.swift */; };
		E52E5DB01CE7AF2500023C91 /* RequestPerformer.swift in Sources */ = {isa = PBXBuildFile; fileRef = F806950F1B962C5300C61B4A /* RequestPerformer.swift */; };
		E52E5DB11CE7AF2500023C91 /* Request.swift in Sources */ = {isa = PBXBuildFile; fileRef = F88ED0681B966E650069F56C /* Request.swift */; };
		E52E5DB21CE7AF2500023C91 /* Client.swift in Sources */ = {isa = PBXBuildFile; fileRef = E5D7E0A01BBF2021002A3738 /* Client.swift */; };
		E52E5DB81CE7AF5500023C91 /* Result.framework in Frameworks */ = {isa = PBXBuildFile; fileRef = E52E5DB71CE7AF5500023C91 /* Result.framework */; };
		E52E5DB91CE7B20B00023C91 /* Swish.h in Headers */ = {isa = PBXBuildFile; fileRef = F80695121B962C5300C61B4A /* Swish.h */; settings = {ATTRIBUTES = (Public, ); }; };
		E52E5DD41CE7B31F00023C91 /* Swish.h in Headers */ = {isa = PBXBuildFile; fileRef = F80695121B962C5300C61B4A /* Swish.h */; settings = {ATTRIBUTES = (Public, ); }; };
		E52E5DD61CE7B36A00023C91 /* NSURLRequest.swift in Sources */ = {isa = PBXBuildFile; fileRef = E5915B201BDABC4B005E5D63 /* NSURLRequest.swift */; };
		E52E5DD91CE7B36A00023C91 /* SwishError.swift in Sources */ = {isa = PBXBuildFile; fileRef = F8F59BB51C2B34B60020B5BE /* SwishError.swift */; };
		E52E5DDA1CE7B36A00023C91 /* RequestMethod.swift in Sources */ = {isa = PBXBuildFile; fileRef = F867938B1BD29E37007D9E98 /* RequestMethod.swift */; };
		E52E5DDB1CE7B36A00023C91 /* NetworkRequestPerformer.swift in Sources */ = {isa = PBXBuildFile; fileRef = F806950D1B962C5300C61B4A /* NetworkRequestPerformer.swift */; };
		E52E5DDC1CE7B36A00023C91 /* HTTPResponse.swift in Sources */ = {isa = PBXBuildFile; fileRef = F8DF3B8D1B964BED003177CD /* HTTPResponse.swift */; };
		E52E5DDD1CE7B36A00023C91 /* APIClient.swift in Sources */ = {isa = PBXBuildFile; fileRef = F88ED06C1B96736B0069F56C /* APIClient.swift */; };
		E52E5DDF1CE7B36A00023C91 /* RequestPerformer.swift in Sources */ = {isa = PBXBuildFile; fileRef = F806950F1B962C5300C61B4A /* RequestPerformer.swift */; };
		E52E5DE01CE7B36A00023C91 /* Request.swift in Sources */ = {isa = PBXBuildFile; fileRef = F88ED0681B966E650069F56C /* Request.swift */; };
		E52E5DE11CE7B36A00023C91 /* Client.swift in Sources */ = {isa = PBXBuildFile; fileRef = E5D7E0A01BBF2021002A3738 /* Client.swift */; };
		E52E5DE71CE7B37A00023C91 /* Result.framework in Frameworks */ = {isa = PBXBuildFile; fileRef = E52E5DE61CE7B37A00023C91 /* Result.framework */; };
		E52E5DE81CE7B39E00023C91 /* NimbleMatchers.swift in Sources */ = {isa = PBXBuildFile; fileRef = E506EC7D1BB5BE380032E941 /* NimbleMatchers.swift */; };
		E52E5DE91CE7B39E00023C91 /* FakeSession.swift in Sources */ = {isa = PBXBuildFile; fileRef = F8DF3B811B964B20003177CD /* FakeSession.swift */; };
		E52E5DEA1CE7B39E00023C91 /* FakeRequest.swift in Sources */ = {isa = PBXBuildFile; fileRef = F88ED0781B96847E0069F56C /* FakeRequest.swift */; };
		E52E5DEB1CE7B39E00023C91 /* FakeRequestPerformer.swift in Sources */ = {isa = PBXBuildFile; fileRef = F88ED07A1B9684B40069F56C /* FakeRequestPerformer.swift */; };
		E52E5DEC1CE7B39E00023C91 /* FakeDataTask.swift in Sources */ = {isa = PBXBuildFile; fileRef = F8C39B501B969A71005E065F /* FakeDataTask.swift */; };
		E52E5DED1CE7B39E00023C91 /* NetworkRequestPerformerSpec.swift in Sources */ = {isa = PBXBuildFile; fileRef = F8DF3B851B964B20003177CD /* NetworkRequestPerformerSpec.swift */; };
		E52E5DEE1CE7B39E00023C91 /* RequestSpec.swift in Sources */ = {isa = PBXBuildFile; fileRef = F8A00DE61BB5C86200169A46 /* RequestSpec.swift */; };
		E52E5DEF1CE7B39E00023C91 /* APIClientSpec.swift in Sources */ = {isa = PBXBuildFile; fileRef = F88ED06E1B967BCB0069F56C /* APIClientSpec.swift */; };
		E52E5DF01CE7B39E00023C91 /* NSURLRequestSpec.swift in Sources */ = {isa = PBXBuildFile; fileRef = E5915B231BDAD1A3005E5D63 /* NSURLRequestSpec.swift */; };
		E52E5DF21CE7B3BF00023C91 /* Quick.framework in Frameworks */ = {isa = PBXBuildFile; fileRef = E52E5DF11CE7B3BF00023C91 /* Quick.framework */; };
		E52E5DF41CE7B3C600023C91 /* Nimble.framework in Frameworks */ = {isa = PBXBuildFile; fileRef = E52E5DF31CE7B3C600023C91 /* Nimble.framework */; };
		E5915B211BDABC4B005E5D63 /* NSURLRequest.swift in Sources */ = {isa = PBXBuildFile; fileRef = E5915B201BDABC4B005E5D63 /* NSURLRequest.swift */; };
		E5915B221BDABC4B005E5D63 /* NSURLRequest.swift in Sources */ = {isa = PBXBuildFile; fileRef = E5915B201BDABC4B005E5D63 /* NSURLRequest.swift */; };
		E5915B241BDAD1A3005E5D63 /* NSURLRequestSpec.swift in Sources */ = {isa = PBXBuildFile; fileRef = E5915B231BDAD1A3005E5D63 /* NSURLRequestSpec.swift */; };
		E5915B251BDAD1A3005E5D63 /* NSURLRequestSpec.swift in Sources */ = {isa = PBXBuildFile; fileRef = E5915B231BDAD1A3005E5D63 /* NSURLRequestSpec.swift */; };
		E5D7E0A11BBF2021002A3738 /* Client.swift in Sources */ = {isa = PBXBuildFile; fileRef = E5D7E0A01BBF2021002A3738 /* Client.swift */; };
		F80694FC1B962BB900C61B4A /* Swish.framework in Frameworks */ = {isa = PBXBuildFile; fileRef = F80694F11B962BB900C61B4A /* Swish.framework */; };
		F80695131B962C5300C61B4A /* NetworkRequestPerformer.swift in Sources */ = {isa = PBXBuildFile; fileRef = F806950D1B962C5300C61B4A /* NetworkRequestPerformer.swift */; };
		F80695141B962C5300C61B4A /* RequestPerformer.swift in Sources */ = {isa = PBXBuildFile; fileRef = F806950F1B962C5300C61B4A /* RequestPerformer.swift */; };
		F80695161B962C5300C61B4A /* Swish.h in Headers */ = {isa = PBXBuildFile; fileRef = F80695121B962C5300C61B4A /* Swish.h */; settings = {ATTRIBUTES = (Public, ); }; };
		F80695181B9633C400C61B4A /* Result.framework in Frameworks */ = {isa = PBXBuildFile; fileRef = F80695171B9633C400C61B4A /* Result.framework */; };
		F84374CE1C4032020092E844 /* SwishError.swift in Sources */ = {isa = PBXBuildFile; fileRef = F8F59BB51C2B34B60020B5BE /* SwishError.swift */; };
		F867938C1BD29E37007D9E98 /* RequestMethod.swift in Sources */ = {isa = PBXBuildFile; fileRef = F867938B1BD29E37007D9E98 /* RequestMethod.swift */; };
		F88ED0691B966E650069F56C /* Request.swift in Sources */ = {isa = PBXBuildFile; fileRef = F88ED0681B966E650069F56C /* Request.swift */; };
		F88ED06D1B96736B0069F56C /* APIClient.swift in Sources */ = {isa = PBXBuildFile; fileRef = F88ED06C1B96736B0069F56C /* APIClient.swift */; };
		F88ED06F1B967BCB0069F56C /* APIClientSpec.swift in Sources */ = {isa = PBXBuildFile; fileRef = F88ED06E1B967BCB0069F56C /* APIClientSpec.swift */; };
		F88ED0791B96847E0069F56C /* FakeRequest.swift in Sources */ = {isa = PBXBuildFile; fileRef = F88ED0781B96847E0069F56C /* FakeRequest.swift */; };
		F88ED07B1B9684B40069F56C /* FakeRequestPerformer.swift in Sources */ = {isa = PBXBuildFile; fileRef = F88ED07A1B9684B40069F56C /* FakeRequestPerformer.swift */; };
		F8A00DE71BB5C86200169A46 /* RequestSpec.swift in Sources */ = {isa = PBXBuildFile; fileRef = F8A00DE61BB5C86200169A46 /* RequestSpec.swift */; };
		F8C39B511B969A71005E065F /* FakeDataTask.swift in Sources */ = {isa = PBXBuildFile; fileRef = F8C39B501B969A71005E065F /* FakeDataTask.swift */; };
		F8DF3B861B964B20003177CD /* FakeSession.swift in Sources */ = {isa = PBXBuildFile; fileRef = F8DF3B811B964B20003177CD /* FakeSession.swift */; };
		F8DF3B881B964B20003177CD /* NetworkRequestPerformerSpec.swift in Sources */ = {isa = PBXBuildFile; fileRef = F8DF3B851B964B20003177CD /* NetworkRequestPerformerSpec.swift */; };
		F8DF3B8B1B964B83003177CD /* Nimble.framework in Frameworks */ = {isa = PBXBuildFile; fileRef = F8DF3B891B964B83003177CD /* Nimble.framework */; };
		F8DF3B8C1B964B83003177CD /* Quick.framework in Frameworks */ = {isa = PBXBuildFile; fileRef = F8DF3B8A1B964B83003177CD /* Quick.framework */; };
		F8DF3B8E1B964BED003177CD /* HTTPResponse.swift in Sources */ = {isa = PBXBuildFile; fileRef = F8DF3B8D1B964BED003177CD /* HTTPResponse.swift */; };
		F8F59BB61C2B34B60020B5BE /* SwishError.swift in Sources */ = {isa = PBXBuildFile; fileRef = F8F59BB51C2B34B60020B5BE /* SwishError.swift */; };
/* End PBXBuildFile section */

/* Begin PBXContainerItemProxy section */
		2C721E4B1BD5A77700846414 /* PBXContainerItemProxy */ = {
			isa = PBXContainerItemProxy;
			containerPortal = F80694E81B962BB900C61B4A /* Project object */;
			proxyType = 1;
			remoteGlobalIDString = 2C721E3F1BD5A77700846414;
			remoteInfo = Swish;
		};
		E52E5D9A1CE7AE3400023C91 /* PBXContainerItemProxy */ = {
			isa = PBXContainerItemProxy;
			containerPortal = F80694E81B962BB900C61B4A /* Project object */;
			proxyType = 1;
			remoteGlobalIDString = E52E5D8E1CE7AE3400023C91;
			remoteInfo = "Swish-tvOS";
		};
		F80694FD1B962BB900C61B4A /* PBXContainerItemProxy */ = {
			isa = PBXContainerItemProxy;
			containerPortal = F80694E81B962BB900C61B4A /* Project object */;
			proxyType = 1;
			remoteGlobalIDString = F80694F01B962BB900C61B4A;
			remoteInfo = Swish;
		};
/* End PBXContainerItemProxy section */

/* Begin PBXFileReference section */
		2C721E401BD5A77700846414 /* Swish.framework */ = {isa = PBXFileReference; explicitFileType = wrapper.framework; includeInIndex = 0; path = Swish.framework; sourceTree = BUILT_PRODUCTS_DIR; };
		2C721E491BD5A77700846414 /* Swish-MacTests.xctest */ = {isa = PBXFileReference; explicitFileType = wrapper.cfbundle; includeInIndex = 0; path = "Swish-MacTests.xctest"; sourceTree = BUILT_PRODUCTS_DIR; };
		4A05CC271CEFBA460076955E /* Scheduler.swift */ = {isa = PBXFileReference; fileEncoding = 4; lastKnownFileType = sourcecode.swift; path = Scheduler.swift; sourceTree = "<group>"; };
		4A698B9D1E131ACE006951B2 /* Deprecations+Removals.swift */ = {isa = PBXFileReference; fileEncoding = 4; lastKnownFileType = sourcecode.swift; path = "Deprecations+Removals.swift"; sourceTree = "<group>"; };
		E506EC7D1BB5BE380032E941 /* NimbleMatchers.swift */ = {isa = PBXFileReference; fileEncoding = 4; lastKnownFileType = sourcecode.swift; path = NimbleMatchers.swift; sourceTree = "<group>"; };
		E52E5D8F1CE7AE3400023C91 /* Swish.framework */ = {isa = PBXFileReference; explicitFileType = wrapper.framework; includeInIndex = 0; path = Swish.framework; sourceTree = BUILT_PRODUCTS_DIR; };
		E52E5D981CE7AE3400023C91 /* Swish-tvOSTests.xctest */ = {isa = PBXFileReference; explicitFileType = wrapper.cfbundle; includeInIndex = 0; path = "Swish-tvOSTests.xctest"; sourceTree = BUILT_PRODUCTS_DIR; };
		E52E5DB71CE7AF5500023C91 /* Result.framework */ = {isa = PBXFileReference; lastKnownFileType = wrapper.framework; name = Result.framework; path = "Carthage/Checkouts/Result/build/Debug-appletvos/Result.framework"; sourceTree = "<group>"; };
		E52E5DC11CE7B25100023C91 /* Swish.h */ = {isa = PBXFileReference; lastKnownFileType = sourcecode.c.h; path = Swish.h; sourceTree = "<group>"; };
		E52E5DC31CE7B25100023C91 /* Info.plist */ = {isa = PBXFileReference; lastKnownFileType = text.plist.xml; path = Info.plist; sourceTree = "<group>"; };
		E52E5DCC1CE7B2BA00023C91 /* Swish.framework */ = {isa = PBXFileReference; explicitFileType = wrapper.framework; includeInIndex = 0; path = Swish.framework; sourceTree = BUILT_PRODUCTS_DIR; };
		E52E5DE61CE7B37A00023C91 /* Result.framework */ = {isa = PBXFileReference; lastKnownFileType = wrapper.framework; name = Result.framework; path = "Carthage/Checkouts/Result/build/Debug-watchos/Result.framework"; sourceTree = "<group>"; };
		E52E5DF11CE7B3BF00023C91 /* Quick.framework */ = {isa = PBXFileReference; lastKnownFileType = wrapper.framework; name = Quick.framework; path = "Carthage/Checkouts/Quick/build/Debug-appletvos/Quick.framework"; sourceTree = "<group>"; };
		E52E5DF31CE7B3C600023C91 /* Nimble.framework */ = {isa = PBXFileReference; lastKnownFileType = wrapper.framework; name = Nimble.framework; path = "Carthage/Checkouts/Nimble/build/Debug-appletvos/Nimble.framework"; sourceTree = "<group>"; };
		E5915B201BDABC4B005E5D63 /* NSURLRequest.swift */ = {isa = PBXFileReference; fileEncoding = 4; lastKnownFileType = sourcecode.swift; path = NSURLRequest.swift; sourceTree = "<group>"; };
		E5915B231BDAD1A3005E5D63 /* NSURLRequestSpec.swift */ = {isa = PBXFileReference; fileEncoding = 4; lastKnownFileType = sourcecode.swift; path = NSURLRequestSpec.swift; sourceTree = "<group>"; };
		E5D7E0A01BBF2021002A3738 /* Client.swift */ = {isa = PBXFileReference; fileEncoding = 4; lastKnownFileType = sourcecode.swift; path = Client.swift; sourceTree = "<group>"; };
		F80694F11B962BB900C61B4A /* Swish.framework */ = {isa = PBXFileReference; explicitFileType = wrapper.framework; includeInIndex = 0; path = Swish.framework; sourceTree = BUILT_PRODUCTS_DIR; };
		F80694FB1B962BB900C61B4A /* Swish-iOSTests.xctest */ = {isa = PBXFileReference; explicitFileType = wrapper.cfbundle; includeInIndex = 0; path = "Swish-iOSTests.xctest"; sourceTree = BUILT_PRODUCTS_DIR; };
		F806950D1B962C5300C61B4A /* NetworkRequestPerformer.swift */ = {isa = PBXFileReference; fileEncoding = 4; lastKnownFileType = sourcecode.swift; path = NetworkRequestPerformer.swift; sourceTree = "<group>"; };
		F806950F1B962C5300C61B4A /* RequestPerformer.swift */ = {isa = PBXFileReference; fileEncoding = 4; lastKnownFileType = sourcecode.swift; path = RequestPerformer.swift; sourceTree = "<group>"; };
		F80695111B962C5300C61B4A /* Info.plist */ = {isa = PBXFileReference; fileEncoding = 4; lastKnownFileType = text.plist.xml; path = Info.plist; sourceTree = "<group>"; };
		F80695121B962C5300C61B4A /* Swish.h */ = {isa = PBXFileReference; fileEncoding = 4; lastKnownFileType = sourcecode.c.h; path = Swish.h; sourceTree = "<group>"; };
		F80695171B9633C400C61B4A /* Result.framework */ = {isa = PBXFileReference; lastKnownFileType = wrapper.framework; path = Result.framework; sourceTree = BUILT_PRODUCTS_DIR; };
		F867938B1BD29E37007D9E98 /* RequestMethod.swift */ = {isa = PBXFileReference; fileEncoding = 4; lastKnownFileType = sourcecode.swift; path = RequestMethod.swift; sourceTree = "<group>"; };
		F88ED0681B966E650069F56C /* Request.swift */ = {isa = PBXFileReference; fileEncoding = 4; lastKnownFileType = sourcecode.swift; path = Request.swift; sourceTree = "<group>"; };
		F88ED06C1B96736B0069F56C /* APIClient.swift */ = {isa = PBXFileReference; fileEncoding = 4; lastKnownFileType = sourcecode.swift; path = APIClient.swift; sourceTree = "<group>"; };
		F88ED06E1B967BCB0069F56C /* APIClientSpec.swift */ = {isa = PBXFileReference; fileEncoding = 4; lastKnownFileType = sourcecode.swift; path = APIClientSpec.swift; sourceTree = "<group>"; };
		F88ED0781B96847E0069F56C /* FakeRequest.swift */ = {isa = PBXFileReference; fileEncoding = 4; lastKnownFileType = sourcecode.swift; path = FakeRequest.swift; sourceTree = "<group>"; };
		F88ED07A1B9684B40069F56C /* FakeRequestPerformer.swift */ = {isa = PBXFileReference; fileEncoding = 4; lastKnownFileType = sourcecode.swift; path = FakeRequestPerformer.swift; sourceTree = "<group>"; };
		F8A00DE61BB5C86200169A46 /* RequestSpec.swift */ = {isa = PBXFileReference; fileEncoding = 4; lastKnownFileType = sourcecode.swift; path = RequestSpec.swift; sourceTree = "<group>"; };
		F8C39B501B969A71005E065F /* FakeDataTask.swift */ = {isa = PBXFileReference; fileEncoding = 4; lastKnownFileType = sourcecode.swift; path = FakeDataTask.swift; sourceTree = "<group>"; };
		F8DF3B811B964B20003177CD /* FakeSession.swift */ = {isa = PBXFileReference; fileEncoding = 4; lastKnownFileType = sourcecode.swift; path = FakeSession.swift; sourceTree = "<group>"; };
		F8DF3B831B964B20003177CD /* Info.plist */ = {isa = PBXFileReference; fileEncoding = 4; lastKnownFileType = text.plist.xml; path = Info.plist; sourceTree = "<group>"; };
		F8DF3B851B964B20003177CD /* NetworkRequestPerformerSpec.swift */ = {isa = PBXFileReference; fileEncoding = 4; lastKnownFileType = sourcecode.swift; path = NetworkRequestPerformerSpec.swift; sourceTree = "<group>"; };
		F8DF3B891B964B83003177CD /* Nimble.framework */ = {isa = PBXFileReference; lastKnownFileType = wrapper.framework; path = Nimble.framework; sourceTree = BUILT_PRODUCTS_DIR; };
		F8DF3B8A1B964B83003177CD /* Quick.framework */ = {isa = PBXFileReference; lastKnownFileType = wrapper.framework; path = Quick.framework; sourceTree = BUILT_PRODUCTS_DIR; };
		F8DF3B8D1B964BED003177CD /* HTTPResponse.swift */ = {isa = PBXFileReference; fileEncoding = 4; lastKnownFileType = sourcecode.swift; path = HTTPResponse.swift; sourceTree = "<group>"; };
		F8F59BB51C2B34B60020B5BE /* SwishError.swift */ = {isa = PBXFileReference; fileEncoding = 4; lastKnownFileType = sourcecode.swift; path = SwishError.swift; sourceTree = "<group>"; };
/* End PBXFileReference section */

/* Begin PBXFrameworksBuildPhase section */
		2C721E3C1BD5A77700846414 /* Frameworks */ = {
			isa = PBXFrameworksBuildPhase;
			buildActionMask = 2147483647;
			files = (
				2C6DC9771BD5AA04006B4C96 /* Result.framework in Frameworks */,
			);
			runOnlyForDeploymentPostprocessing = 0;
		};
		2C721E461BD5A77700846414 /* Frameworks */ = {
			isa = PBXFrameworksBuildPhase;
			buildActionMask = 2147483647;
			files = (
				2C6DC9781BD5AA0E006B4C96 /* Nimble.framework in Frameworks */,
				2C6DC9791BD5AA0E006B4C96 /* Quick.framework in Frameworks */,
				2C721E4A1BD5A77700846414 /* Swish.framework in Frameworks */,
			);
			runOnlyForDeploymentPostprocessing = 0;
		};
		E52E5D8B1CE7AE3400023C91 /* Frameworks */ = {
			isa = PBXFrameworksBuildPhase;
			buildActionMask = 2147483647;
			files = (
				E52E5DB81CE7AF5500023C91 /* Result.framework in Frameworks */,
			);
			runOnlyForDeploymentPostprocessing = 0;
		};
		E52E5D951CE7AE3400023C91 /* Frameworks */ = {
			isa = PBXFrameworksBuildPhase;
			buildActionMask = 2147483647;
			files = (
				E52E5DF41CE7B3C600023C91 /* Nimble.framework in Frameworks */,
				E52E5DF21CE7B3BF00023C91 /* Quick.framework in Frameworks */,
				E52E5D991CE7AE3400023C91 /* Swish.framework in Frameworks */,
			);
			runOnlyForDeploymentPostprocessing = 0;
		};
		E52E5DC81CE7B2BA00023C91 /* Frameworks */ = {
			isa = PBXFrameworksBuildPhase;
			buildActionMask = 2147483647;
			files = (
				E52E5DE71CE7B37A00023C91 /* Result.framework in Frameworks */,
			);
			runOnlyForDeploymentPostprocessing = 0;
		};
		F80694ED1B962BB900C61B4A /* Frameworks */ = {
			isa = PBXFrameworksBuildPhase;
			buildActionMask = 2147483647;
			files = (
				F80695181B9633C400C61B4A /* Result.framework in Frameworks */,
			);
			runOnlyForDeploymentPostprocessing = 0;
		};
		F80694F81B962BB900C61B4A /* Frameworks */ = {
			isa = PBXFrameworksBuildPhase;
			buildActionMask = 2147483647;
			files = (
				F8DF3B8B1B964B83003177CD /* Nimble.framework in Frameworks */,
				F8DF3B8C1B964B83003177CD /* Quick.framework in Frameworks */,
				F80694FC1B962BB900C61B4A /* Swish.framework in Frameworks */,
			);
			runOnlyForDeploymentPostprocessing = 0;
		};
/* End PBXFrameworksBuildPhase section */

/* Begin PBXGroup section */
		E506EC7C1BB5BE1B0032E941 /* Helpers */ = {
			isa = PBXGroup;
			children = (
				E506EC7D1BB5BE380032E941 /* NimbleMatchers.swift */,
			);
			path = Helpers;
			sourceTree = "<group>";
		};
		E52E5DC01CE7B25100023C91 /* Swish */ = {
			isa = PBXGroup;
			children = (
				E52E5DC11CE7B25100023C91 /* Swish.h */,
				E52E5DC31CE7B25100023C91 /* Info.plist */,
			);
			path = Swish;
			sourceTree = "<group>";
		};
		F80694E71B962BB900C61B4A = {
			isa = PBXGroup;
			children = (
				F806950B1B962C5300C61B4A /* Source */,
				F8DF3B7F1B964B20003177CD /* Tests */,
				E52E5DC01CE7B25100023C91 /* Swish */,
				F8DF3B7E1B964AF4003177CD /* Frameworks */,
				F80694F21B962BB900C61B4A /* Products */,
			);
			indentWidth = 2;
			sourceTree = "<group>";
			tabWidth = 2;
		};
		F80694F21B962BB900C61B4A /* Products */ = {
			isa = PBXGroup;
			children = (
				F80694F11B962BB900C61B4A /* Swish.framework */,
				F80694FB1B962BB900C61B4A /* Swish-iOSTests.xctest */,
				2C721E401BD5A77700846414 /* Swish.framework */,
				2C721E491BD5A77700846414 /* Swish-MacTests.xctest */,
				E52E5D8F1CE7AE3400023C91 /* Swish.framework */,
				E52E5D981CE7AE3400023C91 /* Swish-tvOSTests.xctest */,
				E52E5DCC1CE7B2BA00023C91 /* Swish.framework */,
			);
			name = Products;
			sourceTree = "<group>";
		};
		F806950B1B962C5300C61B4A /* Source */ = {
			isa = PBXGroup;
			children = (
				F88ED0701B967C320069F56C /* Extensions */,
				F806950C1B962C5300C61B4A /* Models */,
				F806950E1B962C5300C61B4A /* Protocols */,
				F80695101B962C5300C61B4A /* Resources */,
			);
			path = Source;
			sourceTree = "<group>";
		};
		F806950C1B962C5300C61B4A /* Models */ = {
			isa = PBXGroup;
			children = (
				F8F59BB51C2B34B60020B5BE /* SwishError.swift */,
				F867938B1BD29E37007D9E98 /* RequestMethod.swift */,
				F806950D1B962C5300C61B4A /* NetworkRequestPerformer.swift */,
				F8DF3B8D1B964BED003177CD /* HTTPResponse.swift */,
				F88ED06C1B96736B0069F56C /* APIClient.swift */,
				4A05CC271CEFBA460076955E /* Scheduler.swift */,
			);
			path = Models;
			sourceTree = "<group>";
		};
		F806950E1B962C5300C61B4A /* Protocols */ = {
			isa = PBXGroup;
			children = (
				F806950F1B962C5300C61B4A /* RequestPerformer.swift */,
				F88ED0681B966E650069F56C /* Request.swift */,
				E5D7E0A01BBF2021002A3738 /* Client.swift */,
			);
			path = Protocols;
			sourceTree = "<group>";
		};
		F80695101B962C5300C61B4A /* Resources */ = {
			isa = PBXGroup;
			children = (
				F80695111B962C5300C61B4A /* Info.plist */,
				F80695121B962C5300C61B4A /* Swish.h */,
			);
			path = Resources;
			sourceTree = "<group>";
		};
		F88ED0701B967C320069F56C /* Extensions */ = {
			isa = PBXGroup;
			children = (
				E5915B201BDABC4B005E5D63 /* NSURLRequest.swift */,
				F88ED0711B967C4A0069F56C /* Result.swift */,
				4A698B9D1E131ACE006951B2 /* Deprecations+Removals.swift */,
			);
			path = Extensions;
			sourceTree = "<group>";
		};
		F8DF3B7E1B964AF4003177CD /* Frameworks */ = {
			isa = PBXGroup;
			children = (
				E52E5DF31CE7B3C600023C91 /* Nimble.framework */,
				F8DF3B891B964B83003177CD /* Nimble.framework */,
				E52E5DF11CE7B3BF00023C91 /* Quick.framework */,
				F8DF3B8A1B964B83003177CD /* Quick.framework */,
				E52E5DE61CE7B37A00023C91 /* Result.framework */,
				E52E5DB71CE7AF5500023C91 /* Result.framework */,
				F80695171B9633C400C61B4A /* Result.framework */,
			);
			name = Frameworks;
			sourceTree = "<group>";
		};
		F8DF3B7F1B964B20003177CD /* Tests */ = {
			isa = PBXGroup;
			children = (
				E506EC7C1BB5BE1B0032E941 /* Helpers */,
				F8DF3B801B964B20003177CD /* Fakes */,
				F8DF3B821B964B20003177CD /* Resources */,
				F8DF3B841B964B20003177CD /* Tests */,
			);
			path = Tests;
			sourceTree = "<group>";
		};
		F8DF3B801B964B20003177CD /* Fakes */ = {
			isa = PBXGroup;
			children = (
				F8DF3B811B964B20003177CD /* FakeSession.swift */,
				F88ED0781B96847E0069F56C /* FakeRequest.swift */,
				F88ED07A1B9684B40069F56C /* FakeRequestPerformer.swift */,
				F8C39B501B969A71005E065F /* FakeDataTask.swift */,
			);
			path = Fakes;
			sourceTree = "<group>";
		};
		F8DF3B821B964B20003177CD /* Resources */ = {
			isa = PBXGroup;
			children = (
				F8DF3B831B964B20003177CD /* Info.plist */,
			);
			path = Resources;
			sourceTree = "<group>";
		};
		F8DF3B841B964B20003177CD /* Tests */ = {
			isa = PBXGroup;
			children = (
				F8DF3B851B964B20003177CD /* NetworkRequestPerformerSpec.swift */,
				F8A00DE61BB5C86200169A46 /* RequestSpec.swift */,
				F88ED06E1B967BCB0069F56C /* APIClientSpec.swift */,
				E5915B231BDAD1A3005E5D63 /* NSURLRequestSpec.swift */,
			);
			path = Tests;
			sourceTree = "<group>";
		};
/* End PBXGroup section */

/* Begin PBXHeadersBuildPhase section */
		2C721E3D1BD5A77700846414 /* Headers */ = {
			isa = PBXHeadersBuildPhase;
			buildActionMask = 2147483647;
			files = (
				2C721E5E1BD5A83B00846414 /* Swish.h in Headers */,
			);
			runOnlyForDeploymentPostprocessing = 0;
		};
		E52E5D8C1CE7AE3400023C91 /* Headers */ = {
			isa = PBXHeadersBuildPhase;
			buildActionMask = 2147483647;
			files = (
				E52E5DB91CE7B20B00023C91 /* Swish.h in Headers */,
			);
			runOnlyForDeploymentPostprocessing = 0;
		};
		E52E5DC91CE7B2BA00023C91 /* Headers */ = {
			isa = PBXHeadersBuildPhase;
			buildActionMask = 2147483647;
			files = (
				E52E5DD41CE7B31F00023C91 /* Swish.h in Headers */,
			);
			runOnlyForDeploymentPostprocessing = 0;
		};
		F80694EE1B962BB900C61B4A /* Headers */ = {
			isa = PBXHeadersBuildPhase;
			buildActionMask = 2147483647;
			files = (
				F80695161B962C5300C61B4A /* Swish.h in Headers */,
			);
			runOnlyForDeploymentPostprocessing = 0;
		};
/* End PBXHeadersBuildPhase section */

/* Begin PBXNativeTarget section */
		2C721E3F1BD5A77700846414 /* Swish-Mac */ = {
			isa = PBXNativeTarget;
			buildConfigurationList = 2C721E511BD5A77700846414 /* Build configuration list for PBXNativeTarget "Swish-Mac" */;
			buildPhases = (
				2C721E3B1BD5A77700846414 /* Sources */,
				2C721E3C1BD5A77700846414 /* Frameworks */,
				2C721E3D1BD5A77700846414 /* Headers */,
				2C721E3E1BD5A77700846414 /* Resources */,
			);
			buildRules = (
			);
			dependencies = (
			);
			name = "Swish-Mac";
			productName = Swish;
			productReference = 2C721E401BD5A77700846414 /* Swish.framework */;
			productType = "com.apple.product-type.framework";
		};
		2C721E481BD5A77700846414 /* Swish-MacTests */ = {
			isa = PBXNativeTarget;
			buildConfigurationList = 2C721E541BD5A77700846414 /* Build configuration list for PBXNativeTarget "Swish-MacTests" */;
			buildPhases = (
				2C721E451BD5A77700846414 /* Sources */,
				2C721E461BD5A77700846414 /* Frameworks */,
				2C721E471BD5A77700846414 /* Resources */,
			);
			buildRules = (
			);
			dependencies = (
				2C721E4C1BD5A77700846414 /* PBXTargetDependency */,
			);
			name = "Swish-MacTests";
			productName = SwishTests;
			productReference = 2C721E491BD5A77700846414 /* Swish-MacTests.xctest */;
			productType = "com.apple.product-type.bundle.unit-test";
		};
		E52E5D8E1CE7AE3400023C91 /* Swish-tvOS */ = {
			isa = PBXNativeTarget;
			buildConfigurationList = E52E5DA41CE7AE3400023C91 /* Build configuration list for PBXNativeTarget "Swish-tvOS" */;
			buildPhases = (
				E52E5D8A1CE7AE3400023C91 /* Sources */,
				E52E5D8B1CE7AE3400023C91 /* Frameworks */,
				E52E5D8C1CE7AE3400023C91 /* Headers */,
				E52E5D8D1CE7AE3400023C91 /* Resources */,
			);
			buildRules = (
			);
			dependencies = (
			);
			name = "Swish-tvOS";
			productName = "Swish-tvOS";
			productReference = E52E5D8F1CE7AE3400023C91 /* Swish.framework */;
			productType = "com.apple.product-type.framework";
		};
		E52E5D971CE7AE3400023C91 /* Swish-tvOSTests */ = {
			isa = PBXNativeTarget;
			buildConfigurationList = E52E5DA51CE7AE3400023C91 /* Build configuration list for PBXNativeTarget "Swish-tvOSTests" */;
			buildPhases = (
				E52E5D941CE7AE3400023C91 /* Sources */,
				E52E5D951CE7AE3400023C91 /* Frameworks */,
				E52E5D961CE7AE3400023C91 /* Resources */,
			);
			buildRules = (
			);
			dependencies = (
				E52E5D9B1CE7AE3400023C91 /* PBXTargetDependency */,
			);
			name = "Swish-tvOSTests";
			productName = "Swish-tvOSTests";
			productReference = E52E5D981CE7AE3400023C91 /* Swish-tvOSTests.xctest */;
			productType = "com.apple.product-type.bundle.unit-test";
		};
		E52E5DCB1CE7B2BA00023C91 /* Swish-watchOS */ = {
			isa = PBXNativeTarget;
			buildConfigurationList = E52E5DD11CE7B2BA00023C91 /* Build configuration list for PBXNativeTarget "Swish-watchOS" */;
			buildPhases = (
				E52E5DC71CE7B2BA00023C91 /* Sources */,
				E52E5DC81CE7B2BA00023C91 /* Frameworks */,
				E52E5DC91CE7B2BA00023C91 /* Headers */,
				E52E5DCA1CE7B2BA00023C91 /* Resources */,
			);
			buildRules = (
			);
			dependencies = (
			);
			name = "Swish-watchOS";
			productName = "Swish-watchOS";
			productReference = E52E5DCC1CE7B2BA00023C91 /* Swish.framework */;
			productType = "com.apple.product-type.framework";
		};
		F80694F01B962BB900C61B4A /* Swish-iOS */ = {
			isa = PBXNativeTarget;
			buildConfigurationList = F80695051B962BB900C61B4A /* Build configuration list for PBXNativeTarget "Swish-iOS" */;
			buildPhases = (
				F80694EC1B962BB900C61B4A /* Sources */,
				F80694ED1B962BB900C61B4A /* Frameworks */,
				F80694EE1B962BB900C61B4A /* Headers */,
				F80694EF1B962BB900C61B4A /* Resources */,
			);
			buildRules = (
			);
			dependencies = (
			);
			name = "Swish-iOS";
			productName = Swish;
			productReference = F80694F11B962BB900C61B4A /* Swish.framework */;
			productType = "com.apple.product-type.framework";
		};
		F80694FA1B962BB900C61B4A /* Swish-iOSTests */ = {
			isa = PBXNativeTarget;
			buildConfigurationList = F80695081B962BB900C61B4A /* Build configuration list for PBXNativeTarget "Swish-iOSTests" */;
			buildPhases = (
				F80694F71B962BB900C61B4A /* Sources */,
				F80694F81B962BB900C61B4A /* Frameworks */,
				F80694F91B962BB900C61B4A /* Resources */,
			);
			buildRules = (
			);
			dependencies = (
				F80694FE1B962BB900C61B4A /* PBXTargetDependency */,
			);
			name = "Swish-iOSTests";
			productName = SwishTests;
			productReference = F80694FB1B962BB900C61B4A /* Swish-iOSTests.xctest */;
			productType = "com.apple.product-type.bundle.unit-test";
		};
/* End PBXNativeTarget section */

/* Begin PBXProject section */
		F80694E81B962BB900C61B4A /* Project object */ = {
			isa = PBXProject;
			attributes = {
				LastSwiftUpdateCheck = 0730;
				LastUpgradeCheck = 0800;
				ORGANIZATIONNAME = thoughtbot;
				TargetAttributes = {
					2C721E3F1BD5A77700846414 = {
						CreatedOnToolsVersion = 7.0.1;
						LastSwiftMigration = 0900;
					};
					2C721E481BD5A77700846414 = {
						CreatedOnToolsVersion = 7.0.1;
						LastSwiftMigration = 0900;
					};
					E52E5D8E1CE7AE3400023C91 = {
						CreatedOnToolsVersion = 7.3;
						LastSwiftMigration = 0800;
					};
					E52E5D971CE7AE3400023C91 = {
						CreatedOnToolsVersion = 7.3;
						LastSwiftMigration = 0800;
					};
					E52E5DCB1CE7B2BA00023C91 = {
						CreatedOnToolsVersion = 7.3;
						LastSwiftMigration = 0800;
					};
					F80694F01B962BB900C61B4A = {
						CreatedOnToolsVersion = 7.0;
						LastSwiftMigration = 0800;
					};
					F80694FA1B962BB900C61B4A = {
						CreatedOnToolsVersion = 7.0;
						LastSwiftMigration = 0800;
					};
				};
			};
			buildConfigurationList = F80694EB1B962BB900C61B4A /* Build configuration list for PBXProject "Swish" */;
			compatibilityVersion = "Xcode 3.2";
			developmentRegion = English;
			hasScannedForEncodings = 0;
			knownRegions = (
				en,
			);
			mainGroup = F80694E71B962BB900C61B4A;
			productRefGroup = F80694F21B962BB900C61B4A /* Products */;
			projectDirPath = "";
			projectRoot = "";
			targets = (
				F80694F01B962BB900C61B4A /* Swish-iOS */,
				F80694FA1B962BB900C61B4A /* Swish-iOSTests */,
				2C721E3F1BD5A77700846414 /* Swish-Mac */,
				2C721E481BD5A77700846414 /* Swish-MacTests */,
				E52E5D8E1CE7AE3400023C91 /* Swish-tvOS */,
				E52E5D971CE7AE3400023C91 /* Swish-tvOSTests */,
				E52E5DCB1CE7B2BA00023C91 /* Swish-watchOS */,
			);
		};
/* End PBXProject section */

/* Begin PBXResourcesBuildPhase section */
		2C721E3E1BD5A77700846414 /* Resources */ = {
			isa = PBXResourcesBuildPhase;
			buildActionMask = 2147483647;
			files = (
			);
			runOnlyForDeploymentPostprocessing = 0;
		};
		2C721E471BD5A77700846414 /* Resources */ = {
			isa = PBXResourcesBuildPhase;
			buildActionMask = 2147483647;
			files = (
			);
			runOnlyForDeploymentPostprocessing = 0;
		};
		E52E5D8D1CE7AE3400023C91 /* Resources */ = {
			isa = PBXResourcesBuildPhase;
			buildActionMask = 2147483647;
			files = (
			);
			runOnlyForDeploymentPostprocessing = 0;
		};
		E52E5D961CE7AE3400023C91 /* Resources */ = {
			isa = PBXResourcesBuildPhase;
			buildActionMask = 2147483647;
			files = (
			);
			runOnlyForDeploymentPostprocessing = 0;
		};
		E52E5DCA1CE7B2BA00023C91 /* Resources */ = {
			isa = PBXResourcesBuildPhase;
			buildActionMask = 2147483647;
			files = (
			);
			runOnlyForDeploymentPostprocessing = 0;
		};
		F80694EF1B962BB900C61B4A /* Resources */ = {
			isa = PBXResourcesBuildPhase;
			buildActionMask = 2147483647;
			files = (
			);
			runOnlyForDeploymentPostprocessing = 0;
		};
		F80694F91B962BB900C61B4A /* Resources */ = {
			isa = PBXResourcesBuildPhase;
			buildActionMask = 2147483647;
			files = (
			);
			runOnlyForDeploymentPostprocessing = 0;
		};
/* End PBXResourcesBuildPhase section */

/* Begin PBXSourcesBuildPhase section */
		2C721E3B1BD5A77700846414 /* Sources */ = {
			isa = PBXSourcesBuildPhase;
			buildActionMask = 2147483647;
			files = (
				2C61A39E1BD726E10087B295 /* RequestMethod.swift in Sources */,
				4A05CC291CEFBA4B0076955E /* Scheduler.swift in Sources */,
				2C721E5D1BD5A7E800846414 /* APIClient.swift in Sources */,
				2C721E591BD5A7C500846414 /* Client.swift in Sources */,
				E5915B221BDABC4B005E5D63 /* NSURLRequest.swift in Sources */,
				2C721E581BD5A7C500846414 /* HTTPResponse.swift in Sources */,
				2C721E5C1BD5A7E800846414 /* NetworkRequestPerformer.swift in Sources */,
				F84374CE1C4032020092E844 /* SwishError.swift in Sources */,
				4A698B9F1E131AD2006951B2 /* Deprecations+Removals.swift in Sources */,
				2C721E5B1BD5A7D400846414 /* Request.swift in Sources */,
				2C721E5A1BD5A7D400846414 /* RequestPerformer.swift in Sources */,
			);
			runOnlyForDeploymentPostprocessing = 0;
		};
		2C721E451BD5A77700846414 /* Sources */ = {
			isa = PBXSourcesBuildPhase;
			buildActionMask = 2147483647;
			files = (
				2C6DC9811BD5AA3B006B4C96 /* APIClientSpec.swift in Sources */,
				2C6DC97E1BD5AA3B006B4C96 /* FakeDataTask.swift in Sources */,
				2C6DC97C1BD5AA3B006B4C96 /* FakeRequest.swift in Sources */,
				E5915B251BDAD1A3005E5D63 /* NSURLRequestSpec.swift in Sources */,
				2C6DC97D1BD5AA3B006B4C96 /* FakeRequestPerformer.swift in Sources */,
				2C6DC97B1BD5AA3B006B4C96 /* FakeSession.swift in Sources */,
				2C6DC97F1BD5AA3B006B4C96 /* NetworkRequestPerformerSpec.swift in Sources */,
				2C6DC97A1BD5AA3B006B4C96 /* NimbleMatchers.swift in Sources */,
				2C6DC9801BD5AA3B006B4C96 /* RequestSpec.swift in Sources */,
			);
			runOnlyForDeploymentPostprocessing = 0;
		};
		E52E5D8A1CE7AE3400023C91 /* Sources */ = {
			isa = PBXSourcesBuildPhase;
			buildActionMask = 2147483647;
			files = (
				E52E5DA71CE7AF2500023C91 /* NSURLRequest.swift in Sources */,
				4A05CC2A1CEFBA4C0076955E /* Scheduler.swift in Sources */,
				E52E5DAA1CE7AF2500023C91 /* SwishError.swift in Sources */,
				E52E5DAB1CE7AF2500023C91 /* RequestMethod.swift in Sources */,
				E52E5DAC1CE7AF2500023C91 /* NetworkRequestPerformer.swift in Sources */,
				E52E5DAD1CE7AF2500023C91 /* HTTPResponse.swift in Sources */,
				E52E5DAE1CE7AF2500023C91 /* APIClient.swift in Sources */,
				E52E5DB01CE7AF2500023C91 /* RequestPerformer.swift in Sources */,
				E52E5DB11CE7AF2500023C91 /* Request.swift in Sources */,
				E52E5DB21CE7AF2500023C91 /* Client.swift in Sources */,
				4A698BA01E131AD3006951B2 /* Deprecations+Removals.swift in Sources */,
				E52E5DB31CE7AF2500023C91 /* Deserializer.swift in Sources */,
				E52E5DB41CE7AF2500023C91 /* Parser.swift in Sources */,
			);
			runOnlyForDeploymentPostprocessing = 0;
		};
		E52E5D941CE7AE3400023C91 /* Sources */ = {
			isa = PBXSourcesBuildPhase;
			buildActionMask = 2147483647;
			files = (
				E52E5DE81CE7B39E00023C91 /* NimbleMatchers.swift in Sources */,
				E52E5DE91CE7B39E00023C91 /* FakeSession.swift in Sources */,
				E52E5DEA1CE7B39E00023C91 /* FakeRequest.swift in Sources */,
				E52E5DEB1CE7B39E00023C91 /* FakeRequestPerformer.swift in Sources */,
				E52E5DEC1CE7B39E00023C91 /* FakeDataTask.swift in Sources */,
				E52E5DED1CE7B39E00023C91 /* NetworkRequestPerformerSpec.swift in Sources */,
				E52E5DEE1CE7B39E00023C91 /* RequestSpec.swift in Sources */,
				E52E5DEF1CE7B39E00023C91 /* APIClientSpec.swift in Sources */,
				E52E5DF01CE7B39E00023C91 /* NSURLRequestSpec.swift in Sources */,
			);
			runOnlyForDeploymentPostprocessing = 0;
		};
		E52E5DC71CE7B2BA00023C91 /* Sources */ = {
			isa = PBXSourcesBuildPhase;
			buildActionMask = 2147483647;
			files = (
				E52E5DD61CE7B36A00023C91 /* NSURLRequest.swift in Sources */,
				4A05CC2B1CEFBA4C0076955E /* Scheduler.swift in Sources */,
				E52E5DD91CE7B36A00023C91 /* SwishError.swift in Sources */,
				E52E5DDA1CE7B36A00023C91 /* RequestMethod.swift in Sources */,
				E52E5DDB1CE7B36A00023C91 /* NetworkRequestPerformer.swift in Sources */,
				E52E5DDC1CE7B36A00023C91 /* HTTPResponse.swift in Sources */,
				E52E5DDD1CE7B36A00023C91 /* APIClient.swift in Sources */,
				E52E5DDF1CE7B36A00023C91 /* RequestPerformer.swift in Sources */,
				E52E5DE01CE7B36A00023C91 /* Request.swift in Sources */,
				E52E5DE11CE7B36A00023C91 /* Client.swift in Sources */,
				4A698BA11E131AD3006951B2 /* Deprecations+Removals.swift in Sources */,
				E52E5DE21CE7B36A00023C91 /* Deserializer.swift in Sources */,
				E52E5DE31CE7B36A00023C91 /* Parser.swift in Sources */,
			);
			runOnlyForDeploymentPostprocessing = 0;
		};
		F80694EC1B962BB900C61B4A /* Sources */ = {
			isa = PBXSourcesBuildPhase;
			buildActionMask = 2147483647;
			files = (
				F867938C1BD29E37007D9E98 /* RequestMethod.swift in Sources */,
				E5D7E0A11BBF2021002A3738 /* Client.swift in Sources */,
				4A05CC281CEFBA460076955E /* Scheduler.swift in Sources */,
				F8DF3B8E1B964BED003177CD /* HTTPResponse.swift in Sources */,
				F88ED0691B966E650069F56C /* Request.swift in Sources */,
				F80695141B962C5300C61B4A /* RequestPerformer.swift in Sources */,
				F88ED06D1B96736B0069F56C /* APIClient.swift in Sources */,
				F8F59BB61C2B34B60020B5BE /* SwishError.swift in Sources */,
				4A698B9E1E131ACE006951B2 /* Deprecations+Removals.swift in Sources */,
				E5915B211BDABC4B005E5D63 /* NSURLRequest.swift in Sources */,
				F80695131B962C5300C61B4A /* NetworkRequestPerformer.swift in Sources */,
			);
			runOnlyForDeploymentPostprocessing = 0;
		};
		F80694F71B962BB900C61B4A /* Sources */ = {
			isa = PBXSourcesBuildPhase;
			buildActionMask = 2147483647;
			files = (
				F8DF3B881B964B20003177CD /* NetworkRequestPerformerSpec.swift in Sources */,
				F8A00DE71BB5C86200169A46 /* RequestSpec.swift in Sources */,
				F8C39B511B969A71005E065F /* FakeDataTask.swift in Sources */,
				E5915B241BDAD1A3005E5D63 /* NSURLRequestSpec.swift in Sources */,
				F8DF3B861B964B20003177CD /* FakeSession.swift in Sources */,
				F88ED0791B96847E0069F56C /* FakeRequest.swift in Sources */,
				E506EC7E1BB5BE380032E941 /* NimbleMatchers.swift in Sources */,
				F88ED07B1B9684B40069F56C /* FakeRequestPerformer.swift in Sources */,
				F88ED06F1B967BCB0069F56C /* APIClientSpec.swift in Sources */,
			);
			runOnlyForDeploymentPostprocessing = 0;
		};
/* End PBXSourcesBuildPhase section */

/* Begin PBXTargetDependency section */
		2C721E4C1BD5A77700846414 /* PBXTargetDependency */ = {
			isa = PBXTargetDependency;
			target = 2C721E3F1BD5A77700846414 /* Swish-Mac */;
			targetProxy = 2C721E4B1BD5A77700846414 /* PBXContainerItemProxy */;
		};
		E52E5D9B1CE7AE3400023C91 /* PBXTargetDependency */ = {
			isa = PBXTargetDependency;
			target = E52E5D8E1CE7AE3400023C91 /* Swish-tvOS */;
			targetProxy = E52E5D9A1CE7AE3400023C91 /* PBXContainerItemProxy */;
		};
		F80694FE1B962BB900C61B4A /* PBXTargetDependency */ = {
			isa = PBXTargetDependency;
			target = F80694F01B962BB900C61B4A /* Swish-iOS */;
			targetProxy = F80694FD1B962BB900C61B4A /* PBXContainerItemProxy */;
		};
/* End PBXTargetDependency section */

/* Begin XCBuildConfiguration section */
		2C721E521BD5A77700846414 /* Debug */ = {
			isa = XCBuildConfiguration;
			buildSettings = {
				APPLICATION_EXTENSION_API_ONLY = YES;
				COMBINE_HIDPI_IMAGES = YES;
				DEFINES_MODULE = YES;
				DYLIB_COMPATIBILITY_VERSION = 1;
				DYLIB_CURRENT_VERSION = 1;
				DYLIB_INSTALL_NAME_BASE = "@rpath";
				FRAMEWORK_VERSION = A;
				INFOPLIST_FILE = Source/Resources/Info.plist;
				INSTALL_PATH = "$(LOCAL_LIBRARY_DIR)/Frameworks";
				LD_RUNPATH_SEARCH_PATHS = "$(inherited) @executable_path/../Frameworks @loader_path/Frameworks";
				MACOSX_DEPLOYMENT_TARGET = 10.9;
				PRODUCT_BUNDLE_IDENTIFIER = com.thoughtbot.Swish;
				PRODUCT_NAME = Swish;
				SDKROOT = macosx;
				SKIP_INSTALL = YES;
				SWIFT_VERSION = 4.0;
			};
			name = Debug;
		};
		2C721E531BD5A77700846414 /* Release */ = {
			isa = XCBuildConfiguration;
			buildSettings = {
				APPLICATION_EXTENSION_API_ONLY = YES;
				COMBINE_HIDPI_IMAGES = YES;
				DEFINES_MODULE = YES;
				DYLIB_COMPATIBILITY_VERSION = 1;
				DYLIB_CURRENT_VERSION = 1;
				DYLIB_INSTALL_NAME_BASE = "@rpath";
				FRAMEWORK_VERSION = A;
				INFOPLIST_FILE = Source/Resources/Info.plist;
				INSTALL_PATH = "$(LOCAL_LIBRARY_DIR)/Frameworks";
				LD_RUNPATH_SEARCH_PATHS = "$(inherited) @executable_path/../Frameworks @loader_path/Frameworks";
				MACOSX_DEPLOYMENT_TARGET = 10.9;
				PRODUCT_BUNDLE_IDENTIFIER = com.thoughtbot.Swish;
				PRODUCT_NAME = Swish;
				SDKROOT = macosx;
				SKIP_INSTALL = YES;
				SWIFT_VERSION = 4.0;
			};
			name = Release;
		};
		2C721E551BD5A77700846414 /* Debug */ = {
			isa = XCBuildConfiguration;
			buildSettings = {
				COMBINE_HIDPI_IMAGES = YES;
				INFOPLIST_FILE = Tests/Resources/Info.plist;
				LD_RUNPATH_SEARCH_PATHS = "$(inherited) @executable_path/../Frameworks @loader_path/../Frameworks";
				MACOSX_DEPLOYMENT_TARGET = 10.11;
				PRODUCT_BUNDLE_IDENTIFIER = com.thoughtbot.SwishTests;
				PRODUCT_NAME = "$(TARGET_NAME)";
				SDKROOT = macosx;
				SWIFT_VERSION = 4.0;
			};
			name = Debug;
		};
		2C721E561BD5A77700846414 /* Release */ = {
			isa = XCBuildConfiguration;
			buildSettings = {
				COMBINE_HIDPI_IMAGES = YES;
				INFOPLIST_FILE = Tests/Resources/Info.plist;
				LD_RUNPATH_SEARCH_PATHS = "$(inherited) @executable_path/../Frameworks @loader_path/../Frameworks";
				MACOSX_DEPLOYMENT_TARGET = 10.11;
				PRODUCT_BUNDLE_IDENTIFIER = com.thoughtbot.SwishTests;
				PRODUCT_NAME = "$(TARGET_NAME)";
				SDKROOT = macosx;
				SWIFT_VERSION = 4.0;
			};
			name = Release;
		};
		E52E5DA01CE7AE3400023C91 /* Debug */ = {
			isa = XCBuildConfiguration;
			buildSettings = {
				CLANG_ANALYZER_NONNULL = YES;
				"CODE_SIGN_IDENTITY[sdk=appletvos*]" = "";
				DEFINES_MODULE = YES;
				DYLIB_COMPATIBILITY_VERSION = 1;
				DYLIB_CURRENT_VERSION = 1;
				DYLIB_INSTALL_NAME_BASE = "@rpath";
				FRAMEWORK_SEARCH_PATHS = (
					"$(inherited)",
					"$(PROJECT_DIR)/Carthage/Checkouts/Argo/build/Debug-appletvos",
					"$(PROJECT_DIR)/Carthage/Checkouts/Result/build/Debug-appletvos",
				);
				INFOPLIST_FILE = Source/Resources/Info.plist;
				INSTALL_PATH = "$(LOCAL_LIBRARY_DIR)/Frameworks";
				LD_RUNPATH_SEARCH_PATHS = "$(inherited) @executable_path/Frameworks @loader_path/Frameworks";
				PRODUCT_BUNDLE_IDENTIFIER = "com.thoughtbot.Swish-tvOS";
				PRODUCT_NAME = Swish;
				SDKROOT = appletvos;
				SKIP_INSTALL = YES;
				SWIFT_VERSION = 4.0;
				TARGETED_DEVICE_FAMILY = 3;
				TVOS_DEPLOYMENT_TARGET = 9.2;
			};
			name = Debug;
		};
		E52E5DA11CE7AE3400023C91 /* Release */ = {
			isa = XCBuildConfiguration;
			buildSettings = {
				CLANG_ANALYZER_NONNULL = YES;
				"CODE_SIGN_IDENTITY[sdk=appletvos*]" = "";
				DEFINES_MODULE = YES;
				DYLIB_COMPATIBILITY_VERSION = 1;
				DYLIB_CURRENT_VERSION = 1;
				DYLIB_INSTALL_NAME_BASE = "@rpath";
				FRAMEWORK_SEARCH_PATHS = (
					"$(inherited)",
					"$(PROJECT_DIR)/Carthage/Checkouts/Argo/build/Debug-appletvos",
					"$(PROJECT_DIR)/Carthage/Checkouts/Result/build/Debug-appletvos",
				);
				INFOPLIST_FILE = Source/Resources/Info.plist;
				INSTALL_PATH = "$(LOCAL_LIBRARY_DIR)/Frameworks";
				LD_RUNPATH_SEARCH_PATHS = "$(inherited) @executable_path/Frameworks @loader_path/Frameworks";
				PRODUCT_BUNDLE_IDENTIFIER = "com.thoughtbot.Swish-tvOS";
				PRODUCT_NAME = Swish;
				SDKROOT = appletvos;
				SKIP_INSTALL = YES;
				SWIFT_VERSION = 4.0;
				TARGETED_DEVICE_FAMILY = 3;
				TVOS_DEPLOYMENT_TARGET = 9.2;
			};
			name = Release;
		};
		E52E5DA21CE7AE3400023C91 /* Debug */ = {
			isa = XCBuildConfiguration;
			buildSettings = {
				CLANG_ANALYZER_NONNULL = YES;
				FRAMEWORK_SEARCH_PATHS = (
					"$(inherited)",
					"$(PROJECT_DIR)/Carthage/Checkouts/Quick/build/Debug-appletvos",
					"$(PROJECT_DIR)/Carthage/Checkouts/Nimble/build/Debug-appletvos",
				);
				INFOPLIST_FILE = Tests/Resources/Info.plist;
				LD_RUNPATH_SEARCH_PATHS = "$(inherited) @executable_path/Frameworks @loader_path/Frameworks";
				PRODUCT_BUNDLE_IDENTIFIER = "com.thoughtbot.Swish-tvOSTests";
				PRODUCT_NAME = "$(TARGET_NAME)";
				SDKROOT = appletvos;
				SWIFT_VERSION = 4.0;
				TVOS_DEPLOYMENT_TARGET = 9.2;
			};
			name = Debug;
		};
		E52E5DA31CE7AE3400023C91 /* Release */ = {
			isa = XCBuildConfiguration;
			buildSettings = {
				CLANG_ANALYZER_NONNULL = YES;
				FRAMEWORK_SEARCH_PATHS = (
					"$(inherited)",
					"$(PROJECT_DIR)/Carthage/Checkouts/Quick/build/Debug-appletvos",
					"$(PROJECT_DIR)/Carthage/Checkouts/Nimble/build/Debug-appletvos",
				);
				INFOPLIST_FILE = Tests/Resources/Info.plist;
				LD_RUNPATH_SEARCH_PATHS = "$(inherited) @executable_path/Frameworks @loader_path/Frameworks";
				PRODUCT_BUNDLE_IDENTIFIER = "com.thoughtbot.Swish-tvOSTests";
				PRODUCT_NAME = "$(TARGET_NAME)";
				SDKROOT = appletvos;
				SWIFT_VERSION = 4.0;
				TVOS_DEPLOYMENT_TARGET = 9.2;
			};
			name = Release;
		};
		E52E5DD21CE7B2BA00023C91 /* Debug */ = {
			isa = XCBuildConfiguration;
			buildSettings = {
				APPLICATION_EXTENSION_API_ONLY = YES;
				CLANG_ANALYZER_NONNULL = YES;
				"CODE_SIGN_IDENTITY[sdk=watchos*]" = "";
				DEFINES_MODULE = YES;
				DYLIB_COMPATIBILITY_VERSION = 1;
				DYLIB_CURRENT_VERSION = 1;
				DYLIB_INSTALL_NAME_BASE = "@rpath";
				FRAMEWORK_SEARCH_PATHS = (
					"$(inherited)",
					"$(PROJECT_DIR)/Carthage/Checkouts/Argo/build/Debug-watchos",
					"$(PROJECT_DIR)/Carthage/Checkouts/Result/build/Debug-watchos",
				);
				INFOPLIST_FILE = Source/Resources/Info.plist;
				INSTALL_PATH = "$(LOCAL_LIBRARY_DIR)/Frameworks";
				LD_RUNPATH_SEARCH_PATHS = "$(inherited) @executable_path/Frameworks @loader_path/Frameworks";
				PRODUCT_BUNDLE_IDENTIFIER = "com.thoughtbot.Swish-watchOS";
				PRODUCT_NAME = Swish;
				SDKROOT = watchos;
				SKIP_INSTALL = YES;
				SWIFT_VERSION = 4.0;
				TARGETED_DEVICE_FAMILY = 4;
				WATCHOS_DEPLOYMENT_TARGET = 2.2;
			};
			name = Debug;
		};
		E52E5DD31CE7B2BA00023C91 /* Release */ = {
			isa = XCBuildConfiguration;
			buildSettings = {
				APPLICATION_EXTENSION_API_ONLY = YES;
				CLANG_ANALYZER_NONNULL = YES;
				"CODE_SIGN_IDENTITY[sdk=watchos*]" = "";
				DEFINES_MODULE = YES;
				DYLIB_COMPATIBILITY_VERSION = 1;
				DYLIB_CURRENT_VERSION = 1;
				DYLIB_INSTALL_NAME_BASE = "@rpath";
				FRAMEWORK_SEARCH_PATHS = (
					"$(inherited)",
					"$(PROJECT_DIR)/Carthage/Checkouts/Argo/build/Debug-watchos",
					"$(PROJECT_DIR)/Carthage/Checkouts/Result/build/Debug-watchos",
				);
				INFOPLIST_FILE = Source/Resources/Info.plist;
				INSTALL_PATH = "$(LOCAL_LIBRARY_DIR)/Frameworks";
				LD_RUNPATH_SEARCH_PATHS = "$(inherited) @executable_path/Frameworks @loader_path/Frameworks";
				PRODUCT_BUNDLE_IDENTIFIER = "com.thoughtbot.Swish-watchOS";
				PRODUCT_NAME = Swish;
				SDKROOT = watchos;
				SKIP_INSTALL = YES;
				SWIFT_VERSION = 4.0;
				TARGETED_DEVICE_FAMILY = 4;
				WATCHOS_DEPLOYMENT_TARGET = 2.2;
			};
			name = Release;
		};
		F80695031B962BB900C61B4A /* Debug */ = {
			isa = XCBuildConfiguration;
			buildSettings = {
				ALWAYS_SEARCH_USER_PATHS = NO;
				CLANG_CXX_LANGUAGE_STANDARD = "gnu++0x";
				CLANG_CXX_LIBRARY = "libc++";
				CLANG_ENABLE_MODULES = YES;
				CLANG_ENABLE_OBJC_ARC = YES;
				CLANG_WARN_BOOL_CONVERSION = YES;
				CLANG_WARN_CONSTANT_CONVERSION = YES;
				CLANG_WARN_DIRECT_OBJC_ISA_USAGE = YES_ERROR;
				CLANG_WARN_EMPTY_BODY = YES;
				CLANG_WARN_ENUM_CONVERSION = YES;
				CLANG_WARN_INFINITE_RECURSION = YES;
				CLANG_WARN_INT_CONVERSION = YES;
				CLANG_WARN_OBJC_ROOT_CLASS = YES_ERROR;
				CLANG_WARN_SUSPICIOUS_MOVE = YES;
				CLANG_WARN_UNREACHABLE_CODE = YES;
				CLANG_WARN__DUPLICATE_METHOD_MATCH = YES;
				COPY_PHASE_STRIP = NO;
				CURRENT_PROJECT_VERSION = 1;
				DEBUG_INFORMATION_FORMAT = dwarf;
				ENABLE_STRICT_OBJC_MSGSEND = YES;
				ENABLE_TESTABILITY = YES;
				GCC_C_LANGUAGE_STANDARD = gnu99;
				GCC_DYNAMIC_NO_PIC = NO;
				GCC_NO_COMMON_BLOCKS = YES;
				GCC_OPTIMIZATION_LEVEL = 0;
				GCC_PREPROCESSOR_DEFINITIONS = (
					"DEBUG=1",
					"$(inherited)",
				);
				GCC_WARN_64_TO_32_BIT_CONVERSION = YES;
				GCC_WARN_ABOUT_RETURN_TYPE = YES_ERROR;
				GCC_WARN_UNDECLARED_SELECTOR = YES;
				GCC_WARN_UNINITIALIZED_AUTOS = YES_AGGRESSIVE;
				GCC_WARN_UNUSED_FUNCTION = YES;
				GCC_WARN_UNUSED_VARIABLE = YES;
				IPHONEOS_DEPLOYMENT_TARGET = 9.0;
				MTL_ENABLE_DEBUG_INFO = YES;
				ONLY_ACTIVE_ARCH = YES;
				SDKROOT = iphoneos;
				SWIFT_OPTIMIZATION_LEVEL = "-Onone";
				TARGETED_DEVICE_FAMILY = "1,2";
				VERSIONING_SYSTEM = "apple-generic";
				VERSION_INFO_PREFIX = "";
			};
			name = Debug;
		};
		F80695041B962BB900C61B4A /* Release */ = {
			isa = XCBuildConfiguration;
			buildSettings = {
				ALWAYS_SEARCH_USER_PATHS = NO;
				CLANG_CXX_LANGUAGE_STANDARD = "gnu++0x";
				CLANG_CXX_LIBRARY = "libc++";
				CLANG_ENABLE_MODULES = YES;
				CLANG_ENABLE_OBJC_ARC = YES;
				CLANG_WARN_BOOL_CONVERSION = YES;
				CLANG_WARN_CONSTANT_CONVERSION = YES;
				CLANG_WARN_DIRECT_OBJC_ISA_USAGE = YES_ERROR;
				CLANG_WARN_EMPTY_BODY = YES;
				CLANG_WARN_ENUM_CONVERSION = YES;
				CLANG_WARN_INFINITE_RECURSION = YES;
				CLANG_WARN_INT_CONVERSION = YES;
				CLANG_WARN_OBJC_ROOT_CLASS = YES_ERROR;
				CLANG_WARN_SUSPICIOUS_MOVE = YES;
				CLANG_WARN_UNREACHABLE_CODE = YES;
				CLANG_WARN__DUPLICATE_METHOD_MATCH = YES;
				COPY_PHASE_STRIP = NO;
				CURRENT_PROJECT_VERSION = 1;
				DEBUG_INFORMATION_FORMAT = "dwarf-with-dsym";
				ENABLE_NS_ASSERTIONS = NO;
				ENABLE_STRICT_OBJC_MSGSEND = YES;
				GCC_C_LANGUAGE_STANDARD = gnu99;
				GCC_NO_COMMON_BLOCKS = YES;
				GCC_WARN_64_TO_32_BIT_CONVERSION = YES;
				GCC_WARN_ABOUT_RETURN_TYPE = YES_ERROR;
				GCC_WARN_UNDECLARED_SELECTOR = YES;
				GCC_WARN_UNINITIALIZED_AUTOS = YES_AGGRESSIVE;
				GCC_WARN_UNUSED_FUNCTION = YES;
				GCC_WARN_UNUSED_VARIABLE = YES;
				IPHONEOS_DEPLOYMENT_TARGET = 9.0;
				MTL_ENABLE_DEBUG_INFO = NO;
				SDKROOT = iphoneos;
				SWIFT_OPTIMIZATION_LEVEL = "-Owholemodule";
				TARGETED_DEVICE_FAMILY = "1,2";
				VALIDATE_PRODUCT = YES;
				VERSIONING_SYSTEM = "apple-generic";
				VERSION_INFO_PREFIX = "";
			};
			name = Release;
		};
		F80695061B962BB900C61B4A /* Debug */ = {
			isa = XCBuildConfiguration;
			buildSettings = {
				APPLICATION_EXTENSION_API_ONLY = YES;
				CODE_SIGN_IDENTITY = "iPhone Developer";
				"CODE_SIGN_IDENTITY[sdk=iphoneos*]" = "";
				"CODE_SIGN_IDENTITY[sdk=iphonesimulator*]" = "";
				DEFINES_MODULE = YES;
				DYLIB_COMPATIBILITY_VERSION = 1;
				DYLIB_CURRENT_VERSION = 1;
				DYLIB_INSTALL_NAME_BASE = "@rpath";
				INFOPLIST_FILE = Source/Resources/Info.plist;
				INSTALL_PATH = "$(LOCAL_LIBRARY_DIR)/Frameworks";
				IPHONEOS_DEPLOYMENT_TARGET = 8.0;
				LD_RUNPATH_SEARCH_PATHS = "$(inherited) @executable_path/Frameworks @loader_path/Frameworks";
				PRODUCT_BUNDLE_IDENTIFIER = com.thoughtbot.Swish;
				PRODUCT_NAME = Swish;
				SKIP_INSTALL = YES;
				SWIFT_VERSION = 4.0;
			};
			name = Debug;
		};
		F80695071B962BB900C61B4A /* Release */ = {
			isa = XCBuildConfiguration;
			buildSettings = {
				APPLICATION_EXTENSION_API_ONLY = YES;
				CODE_SIGN_IDENTITY = "iPhone Developer";
				"CODE_SIGN_IDENTITY[sdk=iphoneos*]" = "";
				"CODE_SIGN_IDENTITY[sdk=iphonesimulator*]" = "";
				DEFINES_MODULE = YES;
				DYLIB_COMPATIBILITY_VERSION = 1;
				DYLIB_CURRENT_VERSION = 1;
				DYLIB_INSTALL_NAME_BASE = "@rpath";
				INFOPLIST_FILE = Source/Resources/Info.plist;
				INSTALL_PATH = "$(LOCAL_LIBRARY_DIR)/Frameworks";
				IPHONEOS_DEPLOYMENT_TARGET = 8.0;
				LD_RUNPATH_SEARCH_PATHS = "$(inherited) @executable_path/Frameworks @loader_path/Frameworks";
				PRODUCT_BUNDLE_IDENTIFIER = com.thoughtbot.Swish;
				PRODUCT_NAME = Swish;
				SKIP_INSTALL = YES;
				SWIFT_VERSION = 4.0;
			};
			name = Release;
		};
		F80695091B962BB900C61B4A /* Debug */ = {
			isa = XCBuildConfiguration;
			buildSettings = {
				INFOPLIST_FILE = Tests/Resources/Info.plist;
				LD_RUNPATH_SEARCH_PATHS = "$(inherited) @executable_path/Frameworks @loader_path/Frameworks";
				PRODUCT_BUNDLE_IDENTIFIER = com.thoughtbot.SwishTests;
				PRODUCT_NAME = "$(TARGET_NAME)";
				SWIFT_VERSION = 4.0;
			};
			name = Debug;
		};
		F806950A1B962BB900C61B4A /* Release */ = {
			isa = XCBuildConfiguration;
			buildSettings = {
				INFOPLIST_FILE = Tests/Resources/Info.plist;
				LD_RUNPATH_SEARCH_PATHS = "$(inherited) @executable_path/Frameworks @loader_path/Frameworks";
				PRODUCT_BUNDLE_IDENTIFIER = com.thoughtbot.SwishTests;
				PRODUCT_NAME = "$(TARGET_NAME)";
				SWIFT_VERSION = 4.0;
			};
			name = Release;
		};
/* End XCBuildConfiguration section */

/* Begin XCConfigurationList section */
		2C721E511BD5A77700846414 /* Build configuration list for PBXNativeTarget "Swish-Mac" */ = {
			isa = XCConfigurationList;
			buildConfigurations = (
				2C721E521BD5A77700846414 /* Debug */,
				2C721E531BD5A77700846414 /* Release */,
			);
			defaultConfigurationIsVisible = 0;
			defaultConfigurationName = Release;
		};
		2C721E541BD5A77700846414 /* Build configuration list for PBXNativeTarget "Swish-MacTests" */ = {
			isa = XCConfigurationList;
			buildConfigurations = (
				2C721E551BD5A77700846414 /* Debug */,
				2C721E561BD5A77700846414 /* Release */,
			);
			defaultConfigurationIsVisible = 0;
			defaultConfigurationName = Release;
		};
		E52E5DA41CE7AE3400023C91 /* Build configuration list for PBXNativeTarget "Swish-tvOS" */ = {
			isa = XCConfigurationList;
			buildConfigurations = (
				E52E5DA01CE7AE3400023C91 /* Debug */,
				E52E5DA11CE7AE3400023C91 /* Release */,
			);
			defaultConfigurationIsVisible = 0;
			defaultConfigurationName = Release;
		};
		E52E5DA51CE7AE3400023C91 /* Build configuration list for PBXNativeTarget "Swish-tvOSTests" */ = {
			isa = XCConfigurationList;
			buildConfigurations = (
				E52E5DA21CE7AE3400023C91 /* Debug */,
				E52E5DA31CE7AE3400023C91 /* Release */,
			);
			defaultConfigurationIsVisible = 0;
			defaultConfigurationName = Release;
		};
		E52E5DD11CE7B2BA00023C91 /* Build configuration list for PBXNativeTarget "Swish-watchOS" */ = {
			isa = XCConfigurationList;
			buildConfigurations = (
				E52E5DD21CE7B2BA00023C91 /* Debug */,
				E52E5DD31CE7B2BA00023C91 /* Release */,
			);
			defaultConfigurationIsVisible = 0;
			defaultConfigurationName = Release;
		};
		F80694EB1B962BB900C61B4A /* Build configuration list for PBXProject "Swish" */ = {
			isa = XCConfigurationList;
			buildConfigurations = (
				F80695031B962BB900C61B4A /* Debug */,
				F80695041B962BB900C61B4A /* Release */,
			);
			defaultConfigurationIsVisible = 0;
			defaultConfigurationName = Release;
		};
		F80695051B962BB900C61B4A /* Build configuration list for PBXNativeTarget "Swish-iOS" */ = {
			isa = XCConfigurationList;
			buildConfigurations = (
				F80695061B962BB900C61B4A /* Debug */,
				F80695071B962BB900C61B4A /* Release */,
			);
			defaultConfigurationIsVisible = 0;
			defaultConfigurationName = Release;
		};
		F80695081B962BB900C61B4A /* Build configuration list for PBXNativeTarget "Swish-iOSTests" */ = {
			isa = XCConfigurationList;
			buildConfigurations = (
				F80695091B962BB900C61B4A /* Debug */,
				F806950A1B962BB900C61B4A /* Release */,
			);
			defaultConfigurationIsVisible = 0;
			defaultConfigurationName = Release;
		};
/* End XCConfigurationList section */
	};
	rootObject = F80694E81B962BB900C61B4A /* Project object */;
}
